
Microsoft Visual Studio Solution File, Format Version 12.00
# Visual Studio Version 16
VisualStudioVersion = 16.0.29519.87
MinimumVisualStudioVersion = 10.0.40219.1
Project("{9A19103F-16F7-4668-BE54-9A1E7A4F7556}") = "LambdaForums", "LambdaForums\LambdaForums.csproj", "{9E57FFFF-CD9B-43EF-8AD7-BBAD9EB42E72}"
EndProject
Project("{9A19103F-16F7-4668-BE54-9A1E7A4F7556}") = "LambdaForums.Data", "LambdaForums.Data\LambdaForums.Data.csproj", "{94B0DB1F-0318-4198-85D9-805627904259}"
EndProject
Project("{FAE04EC0-301F-11D3-BF4B-00C04F79EFBC}") = "LambdaForums.Service", "LambdaForums.Service\LambdaForums.Service.csproj", "{60CBD58B-345B-438E-B712-E0F92241FDAB}"
EndProject
Global
	GlobalSection(SolutionConfigurationPlatforms) = preSolution
		Debug|Any CPU = Debug|Any CPU
		Release|Any CPU = Release|Any CPU
	EndGlobalSection
	GlobalSection(ProjectConfigurationPlatforms) = postSolution
		{9E57FFFF-CD9B-43EF-8AD7-BBAD9EB42E72}.Debug|Any CPU.ActiveCfg = Debug|Any CPU
		{9E57FFFF-CD9B-43EF-8AD7-BBAD9EB42E72}.Debug|Any CPU.Build.0 = Debug|Any CPU
		{9E57FFFF-CD9B-43EF-8AD7-BBAD9EB42E72}.Release|Any CPU.ActiveCfg = Release|Any CPU
		{9E57FFFF-CD9B-43EF-8AD7-BBAD9EB42E72}.Release|Any CPU.Build.0 = Release|Any CPU
		{94B0DB1F-0318-4198-85D9-805627904259}.Debug|Any CPU.ActiveCfg = Debug|Any CPU
		{94B0DB1F-0318-4198-85D9-805627904259}.Debug|Any CPU.Build.0 = Debug|Any CPU
		{94B0DB1F-0318-4198-85D9-805627904259}.Release|Any CPU.ActiveCfg = Release|Any CPU
		{94B0DB1F-0318-4198-85D9-805627904259}.Release|Any CPU.Build.0 = Release|Any CPU
		{60CBD58B-345B-438E-B712-E0F92241FDAB}.Debug|Any CPU.ActiveCfg = Debug|Any CPU
		{60CBD58B-345B-438E-B712-E0F92241FDAB}.Debug|Any CPU.Build.0 = Debug|Any CPU
		{60CBD58B-345B-438E-B712-E0F92241FDAB}.Release|Any CPU.ActiveCfg = Release|Any CPU
		{60CBD58B-345B-438E-B712-E0F92241FDAB}.Release|Any CPU.Build.0 = Release|Any CPU
	EndGlobalSection
	GlobalSection(SolutionProperties) = preSolution
		HideSolutionNode = FALSE
	EndGlobalSection
	GlobalSection(ExtensibilityGlobals) = postSolution
		SolutionGuid = {FD0536A5-F053-4DC2-8D7B-A7C2B8DCEB5B}
	EndGlobalSection
EndGlobal
